// !$*UTF8*$!
{
	archiveVersion = 1;
	classes = {
	};
	objectVersion = 50;
	objects = {

/* Begin PBXBuildFile section */
		1476C3BB26EE8A20005CEE71 /* MenuRow.swift in Sources */ = {isa = PBXBuildFile; fileRef = 1476C3BA26EE8A20005CEE71 /* MenuRow.swift */; };
		1476C3BD26EE8AE3005CEE71 /* MenuRowViewModelTests.swift in Sources */ = {isa = PBXBuildFile; fileRef = 1476C3BC26EE8AE3005CEE71 /* MenuRowViewModelTests.swift */; };
		1476C3BF26EE94EA005CEE71 /* MenuListViewModelTests.swift in Sources */ = {isa = PBXBuildFile; fileRef = 1476C3BE26EE94EA005CEE71 /* MenuListViewModelTests.swift */; };
		1487CCEE26EDC14400E0C506 /* AlbertosApp.swift in Sources */ = {isa = PBXBuildFile; fileRef = 1487CCED26EDC14400E0C506 /* AlbertosApp.swift */; };
		1487CCF226EDC14400E0C506 /* Assets.xcassets in Resources */ = {isa = PBXBuildFile; fileRef = 1487CCF126EDC14400E0C506 /* Assets.xcassets */; };
		1487CCF526EDC14400E0C506 /* Preview Assets.xcassets in Resources */ = {isa = PBXBuildFile; fileRef = 1487CCF426EDC14400E0C506 /* Preview Assets.xcassets */; };
		1487CD1B26EDC20C00E0C506 /* README.md in Resources */ = {isa = PBXBuildFile; fileRef = 1487CD1A26EDC20C00E0C506 /* README.md */; };
		1487CD1D26EDC40500E0C506 /* MenuGroupingTests.swift in Sources */ = {isa = PBXBuildFile; fileRef = 1487CD1C26EDC40500E0C506 /* MenuGroupingTests.swift */; };
		1487CD2026EDC60300E0C506 /* MenuItem.swift in Sources */ = {isa = PBXBuildFile; fileRef = 1487CD1F26EDC60300E0C506 /* MenuItem.swift */; };
		1487CD2226EDC61900E0C506 /* MenuSection.swift in Sources */ = {isa = PBXBuildFile; fileRef = 1487CD2126EDC61900E0C506 /* MenuSection.swift */; };
		1487CD2626EDD79200E0C506 /* MenuList.swift in Sources */ = {isa = PBXBuildFile; fileRef = 1487CD2526EDD79200E0C506 /* MenuList.swift */; };
		1487CD2826EDD93D00E0C506 /* Group.swift in Sources */ = {isa = PBXBuildFile; fileRef = 1487CD2726EDD93D00E0C506 /* Group.swift */; };
		1487CD2926EDDAB100E0C506 /* Collection+Safe.swift in Sources */ = {isa = PBXBuildFile; fileRef = 1487CD2326EDD04D00E0C506 /* Collection+Safe.swift */; };
		1487CD2C26EDE88500E0C506 /* MenuItem+Fixture.swift in Sources */ = {isa = PBXBuildFile; fileRef = 1487CD2A26EDE87F00E0C506 /* MenuItem+Fixture.swift */; };
		1487CD2E26EDEC1800E0C506 /* MenuSection+Fixture.swift in Sources */ = {isa = PBXBuildFile; fileRef = 1487CD2D26EDEC1800E0C506 /* MenuSection+Fixture.swift */; };
/* End PBXBuildFile section */

/* Begin PBXContainerItemProxy section */
		1487CCFC26EDC14500E0C506 /* PBXContainerItemProxy */ = {
			isa = PBXContainerItemProxy;
			containerPortal = 1487CCE226EDC14300E0C506 /* Project object */;
			proxyType = 1;
			remoteGlobalIDString = 1487CCE926EDC14300E0C506;
			remoteInfo = Albertos;
		};
/* End PBXContainerItemProxy section */

/* Begin PBXFileReference section */
		1476C3BA26EE8A20005CEE71 /* MenuRow.swift */ = {isa = PBXFileReference; lastKnownFileType = sourcecode.swift; path = MenuRow.swift; sourceTree = "<group>"; };
		1476C3BC26EE8AE3005CEE71 /* MenuRowViewModelTests.swift */ = {isa = PBXFileReference; lastKnownFileType = sourcecode.swift; path = MenuRowViewModelTests.swift; sourceTree = "<group>"; };
		1476C3BE26EE94EA005CEE71 /* MenuListViewModelTests.swift */ = {isa = PBXFileReference; lastKnownFileType = sourcecode.swift; path = MenuListViewModelTests.swift; sourceTree = "<group>"; };
		1487CCEA26EDC14300E0C506 /* Albertos.app */ = {isa = PBXFileReference; explicitFileType = wrapper.application; includeInIndex = 0; path = Albertos.app; sourceTree = BUILT_PRODUCTS_DIR; };
		1487CCED26EDC14400E0C506 /* AlbertosApp.swift */ = {isa = PBXFileReference; lastKnownFileType = sourcecode.swift; path = AlbertosApp.swift; sourceTree = "<group>"; };
		1487CCF126EDC14400E0C506 /* Assets.xcassets */ = {isa = PBXFileReference; lastKnownFileType = folder.assetcatalog; path = Assets.xcassets; sourceTree = "<group>"; };
		1487CCF426EDC14400E0C506 /* Preview Assets.xcassets */ = {isa = PBXFileReference; lastKnownFileType = folder.assetcatalog; path = "Preview Assets.xcassets"; sourceTree = "<group>"; };
		1487CCF626EDC14400E0C506 /* Info.plist */ = {isa = PBXFileReference; lastKnownFileType = text.plist.xml; path = Info.plist; sourceTree = "<group>"; };
		1487CCFB26EDC14500E0C506 /* AlbertosTests.xctest */ = {isa = PBXFileReference; explicitFileType = wrapper.cfbundle; includeInIndex = 0; path = AlbertosTests.xctest; sourceTree = BUILT_PRODUCTS_DIR; };
		1487CD0126EDC14500E0C506 /* Info.plist */ = {isa = PBXFileReference; lastKnownFileType = text.plist.xml; path = Info.plist; sourceTree = "<group>"; };
		1487CD1A26EDC20C00E0C506 /* README.md */ = {isa = PBXFileReference; fileEncoding = 4; lastKnownFileType = net.daringfireball.markdown; path = README.md; sourceTree = "<group>"; };
		1487CD1C26EDC40500E0C506 /* MenuGroupingTests.swift */ = {isa = PBXFileReference; fileEncoding = 4; lastKnownFileType = sourcecode.swift; path = MenuGroupingTests.swift; sourceTree = "<group>"; };
		1487CD1F26EDC60300E0C506 /* MenuItem.swift */ = {isa = PBXFileReference; lastKnownFileType = sourcecode.swift; path = MenuItem.swift; sourceTree = "<group>"; };
		1487CD2126EDC61900E0C506 /* MenuSection.swift */ = {isa = PBXFileReference; lastKnownFileType = sourcecode.swift; path = MenuSection.swift; sourceTree = "<group>"; };
		1487CD2326EDD04D00E0C506 /* Collection+Safe.swift */ = {isa = PBXFileReference; lastKnownFileType = sourcecode.swift; path = "Collection+Safe.swift"; sourceTree = "<group>"; };
		1487CD2526EDD79200E0C506 /* MenuList.swift */ = {isa = PBXFileReference; lastKnownFileType = sourcecode.swift; path = MenuList.swift; sourceTree = "<group>"; };
		1487CD2726EDD93D00E0C506 /* Group.swift */ = {isa = PBXFileReference; lastKnownFileType = sourcecode.swift; path = Group.swift; sourceTree = "<group>"; };
		1487CD2A26EDE87F00E0C506 /* MenuItem+Fixture.swift */ = {isa = PBXFileReference; lastKnownFileType = sourcecode.swift; path = "MenuItem+Fixture.swift"; sourceTree = "<group>"; };
		1487CD2D26EDEC1800E0C506 /* MenuSection+Fixture.swift */ = {isa = PBXFileReference; lastKnownFileType = sourcecode.swift; path = "MenuSection+Fixture.swift"; sourceTree = "<group>"; };
/* End PBXFileReference section */

/* Begin PBXFrameworksBuildPhase section */
		1487CCE726EDC14300E0C506 /* Frameworks */ = {
			isa = PBXFrameworksBuildPhase;
			buildActionMask = 2147483647;
			files = (
			);
			runOnlyForDeploymentPostprocessing = 0;
		};
		1487CCF826EDC14500E0C506 /* Frameworks */ = {
			isa = PBXFrameworksBuildPhase;
			buildActionMask = 2147483647;
			files = (
			);
			runOnlyForDeploymentPostprocessing = 0;
		};
/* End PBXFrameworksBuildPhase section */

/* Begin PBXGroup section */
		1487CCE126EDC14300E0C506 = {
			isa = PBXGroup;
			children = (
				1487CD1A26EDC20C00E0C506 /* README.md */,
				1487CCEC26EDC14300E0C506 /* Albertos */,
				1487CCFE26EDC14500E0C506 /* AlbertosTests */,
				1487CCEB26EDC14300E0C506 /* Products */,
			);
			sourceTree = "<group>";
		};
		1487CCEB26EDC14300E0C506 /* Products */ = {
			isa = PBXGroup;
			children = (
				1487CCEA26EDC14300E0C506 /* Albertos.app */,
				1487CCFB26EDC14500E0C506 /* AlbertosTests.xctest */,
			);
			name = Products;
			sourceTree = "<group>";
		};
		1487CCEC26EDC14300E0C506 /* Albertos */ = {
			isa = PBXGroup;
			children = (
				1487CD1E26EDC5E900E0C506 /* Model */,
				1487CCED26EDC14400E0C506 /* AlbertosApp.swift */,
				1487CD2726EDD93D00E0C506 /* Group.swift */,
				1487CD2526EDD79200E0C506 /* MenuList.swift */,
				1476C3BA26EE8A20005CEE71 /* MenuRow.swift */,
				1487CCF126EDC14400E0C506 /* Assets.xcassets */,
				1487CCF626EDC14400E0C506 /* Info.plist */,
				1487CCF326EDC14400E0C506 /* Preview Content */,
			);
			path = Albertos;
			sourceTree = "<group>";
		};
		1487CCF326EDC14400E0C506 /* Preview Content */ = {
			isa = PBXGroup;
			children = (
				1487CCF426EDC14400E0C506 /* Preview Assets.xcassets */,
			);
			path = "Preview Content";
			sourceTree = "<group>";
		};
		1487CCFE26EDC14500E0C506 /* AlbertosTests */ = {
			isa = PBXGroup;
			children = (
				1487CD2326EDD04D00E0C506 /* Collection+Safe.swift */,
				1487CD2A26EDE87F00E0C506 /* MenuItem+Fixture.swift */,
				1476C3BE26EE94EA005CEE71 /* MenuListViewModelTests.swift */,
				1487CD2D26EDEC1800E0C506 /* MenuSection+Fixture.swift */,
				1476C3BC26EE8AE3005CEE71 /* MenuRowViewModelTests.swift */,
				1487CD1C26EDC40500E0C506 /* MenuGroupingTests.swift */,
				1487CD0126EDC14500E0C506 /* Info.plist */,
			);
			path = AlbertosTests;
			sourceTree = "<group>";
		};
		1487CD1E26EDC5E900E0C506 /* Model */ = {
			isa = PBXGroup;
			children = (
				1487CD1F26EDC60300E0C506 /* MenuItem.swift */,
				1487CD2126EDC61900E0C506 /* MenuSection.swift */,
			);
			path = Model;
			sourceTree = "<group>";
		};
/* End PBXGroup section */

/* Begin PBXNativeTarget section */
		1487CCE926EDC14300E0C506 /* Albertos */ = {
			isa = PBXNativeTarget;
			buildConfigurationList = 1487CD0F26EDC14500E0C506 /* Build configuration list for PBXNativeTarget "Albertos" */;
			buildPhases = (
				1487CCE626EDC14300E0C506 /* Sources */,
				1487CCE726EDC14300E0C506 /* Frameworks */,
				1487CCE826EDC14300E0C506 /* Resources */,
			);
			buildRules = (
			);
			dependencies = (
			);
			name = Albertos;
			productName = Albertos;
			productReference = 1487CCEA26EDC14300E0C506 /* Albertos.app */;
			productType = "com.apple.product-type.application";
		};
		1487CCFA26EDC14500E0C506 /* AlbertosTests */ = {
			isa = PBXNativeTarget;
			buildConfigurationList = 1487CD1226EDC14500E0C506 /* Build configuration list for PBXNativeTarget "AlbertosTests" */;
			buildPhases = (
				1487CCF726EDC14500E0C506 /* Sources */,
				1487CCF826EDC14500E0C506 /* Frameworks */,
				1487CCF926EDC14500E0C506 /* Resources */,
			);
			buildRules = (
			);
			dependencies = (
				1487CCFD26EDC14500E0C506 /* PBXTargetDependency */,
			);
			name = AlbertosTests;
			productName = AlbertosTests;
			productReference = 1487CCFB26EDC14500E0C506 /* AlbertosTests.xctest */;
			productType = "com.apple.product-type.bundle.unit-test";
		};
/* End PBXNativeTarget section */

/* Begin PBXProject section */
		1487CCE226EDC14300E0C506 /* Project object */ = {
			isa = PBXProject;
			attributes = {
				LastSwiftUpdateCheck = 1250;
				LastUpgradeCheck = 1250;
				TargetAttributes = {
					1487CCE926EDC14300E0C506 = {
						CreatedOnToolsVersion = 12.5;
					};
					1487CCFA26EDC14500E0C506 = {
						CreatedOnToolsVersion = 12.5;
						LastSwiftMigration = 1250;
						TestTargetID = 1487CCE926EDC14300E0C506;
					};
				};
			};
			buildConfigurationList = 1487CCE526EDC14300E0C506 /* Build configuration list for PBXProject "Albertos" */;
			compatibilityVersion = "Xcode 9.3";
			developmentRegion = en;
			hasScannedForEncodings = 0;
			knownRegions = (
				en,
				Base,
			);
			mainGroup = 1487CCE126EDC14300E0C506;
			productRefGroup = 1487CCEB26EDC14300E0C506 /* Products */;
			projectDirPath = "";
			projectRoot = "";
			targets = (
				1487CCE926EDC14300E0C506 /* Albertos */,
				1487CCFA26EDC14500E0C506 /* AlbertosTests */,
			);
		};
/* End PBXProject section */

/* Begin PBXResourcesBuildPhase section */
		1487CCE826EDC14300E0C506 /* Resources */ = {
			isa = PBXResourcesBuildPhase;
			buildActionMask = 2147483647;
			files = (
				1487CD1B26EDC20C00E0C506 /* README.md in Resources */,
				1487CCF526EDC14400E0C506 /* Preview Assets.xcassets in Resources */,
				1487CCF226EDC14400E0C506 /* Assets.xcassets in Resources */,
			);
			runOnlyForDeploymentPostprocessing = 0;
		};
		1487CCF926EDC14500E0C506 /* Resources */ = {
			isa = PBXResourcesBuildPhase;
			buildActionMask = 2147483647;
			files = (
			);
			runOnlyForDeploymentPostprocessing = 0;
		};
/* End PBXResourcesBuildPhase section */

/* Begin PBXSourcesBuildPhase section */
		1487CCE626EDC14300E0C506 /* Sources */ = {
			isa = PBXSourcesBuildPhase;
			buildActionMask = 2147483647;
			files = (
				1487CD2826EDD93D00E0C506 /* Group.swift in Sources */,
				1487CD2026EDC60300E0C506 /* MenuItem.swift in Sources */,
				1487CD2226EDC61900E0C506 /* MenuSection.swift in Sources */,
				1487CCEE26EDC14400E0C506 /* AlbertosApp.swift in Sources */,
				1487CD2626EDD79200E0C506 /* MenuList.swift in Sources */,
				1476C3BB26EE8A20005CEE71 /* MenuRow.swift in Sources */,
			);
			runOnlyForDeploymentPostprocessing = 0;
		};
		1487CCF726EDC14500E0C506 /* Sources */ = {
			isa = PBXSourcesBuildPhase;
			buildActionMask = 2147483647;
			files = (
				1487CD2E26EDEC1800E0C506 /* MenuSection+Fixture.swift in Sources */,
				1487CD2926EDDAB100E0C506 /* Collection+Safe.swift in Sources */,
				1487CD2C26EDE88500E0C506 /* MenuItem+Fixture.swift in Sources */,
				1476C3BD26EE8AE3005CEE71 /* MenuRowViewModelTests.swift in Sources */,
				1476C3BF26EE94EA005CEE71 /* MenuListViewModelTests.swift in Sources */,
				1487CD1D26EDC40500E0C506 /* MenuGroupingTests.swift in Sources */,
			);
			runOnlyForDeploymentPostprocessing = 0;
		};
/* End PBXSourcesBuildPhase section */

/* Begin PBXTargetDependency section */
		1487CCFD26EDC14500E0C506 /* PBXTargetDependency */ = {
			isa = PBXTargetDependency;
			target = 1487CCE926EDC14300E0C506 /* Albertos */;
			targetProxy = 1487CCFC26EDC14500E0C506 /* PBXContainerItemProxy */;
		};
/* End PBXTargetDependency section */

/* Begin XCBuildConfiguration section */
		1487CD0D26EDC14500E0C506 /* Debug */ = {
			isa = XCBuildConfiguration;
			buildSettings = {
				ALWAYS_SEARCH_USER_PATHS = NO;
				CLANG_ANALYZER_NONNULL = YES;
				CLANG_ANALYZER_NUMBER_OBJECT_CONVERSION = YES_AGGRESSIVE;
				CLANG_CXX_LANGUAGE_STANDARD = "gnu++14";
				CLANG_CXX_LIBRARY = "libc++";
				CLANG_ENABLE_MODULES = YES;
				CLANG_ENABLE_OBJC_ARC = YES;
				CLANG_ENABLE_OBJC_WEAK = YES;
				CLANG_WARN_BLOCK_CAPTURE_AUTORELEASING = YES;
				CLANG_WARN_BOOL_CONVERSION = YES;
				CLANG_WARN_COMMA = YES;
				CLANG_WARN_CONSTANT_CONVERSION = YES;
				CLANG_WARN_DEPRECATED_OBJC_IMPLEMENTATIONS = YES;
				CLANG_WARN_DIRECT_OBJC_ISA_USAGE = YES_ERROR;
				CLANG_WARN_DOCUMENTATION_COMMENTS = YES;
				CLANG_WARN_EMPTY_BODY = YES;
				CLANG_WARN_ENUM_CONVERSION = YES;
				CLANG_WARN_INFINITE_RECURSION = YES;
				CLANG_WARN_INT_CONVERSION = YES;
				CLANG_WARN_NON_LITERAL_NULL_CONVERSION = YES;
				CLANG_WARN_OBJC_IMPLICIT_RETAIN_SELF = YES;
				CLANG_WARN_OBJC_LITERAL_CONVERSION = YES;
				CLANG_WARN_OBJC_ROOT_CLASS = YES_ERROR;
				CLANG_WARN_QUOTED_INCLUDE_IN_FRAMEWORK_HEADER = YES;
				CLANG_WARN_RANGE_LOOP_ANALYSIS = YES;
				CLANG_WARN_STRICT_PROTOTYPES = YES;
				CLANG_WARN_SUSPICIOUS_MOVE = YES;
				CLANG_WARN_UNGUARDED_AVAILABILITY = YES_AGGRESSIVE;
				CLANG_WARN_UNREACHABLE_CODE = YES;
				CLANG_WARN__DUPLICATE_METHOD_MATCH = YES;
				COPY_PHASE_STRIP = NO;
				DEBUG_INFORMATION_FORMAT = dwarf;
				ENABLE_STRICT_OBJC_MSGSEND = YES;
				ENABLE_TESTABILITY = YES;
				GCC_C_LANGUAGE_STANDARD = gnu11;
				GCC_DYNAMIC_NO_PIC = NO;
				GCC_NO_COMMON_BLOCKS = YES;
				GCC_OPTIMIZATION_LEVEL = 0;
				GCC_PREPROCESSOR_DEFINITIONS = (
					"DEBUG=1",
					"$(inherited)",
				);
				GCC_WARN_64_TO_32_BIT_CONVERSION = YES;
				GCC_WARN_ABOUT_RETURN_TYPE = YES_ERROR;
				GCC_WARN_UNDECLARED_SELECTOR = YES;
				GCC_WARN_UNINITIALIZED_AUTOS = YES_AGGRESSIVE;
				GCC_WARN_UNUSED_FUNCTION = YES;
				GCC_WARN_UNUSED_VARIABLE = YES;
				IPHONEOS_DEPLOYMENT_TARGET = 14.5;
				MTL_ENABLE_DEBUG_INFO = INCLUDE_SOURCE;
				MTL_FAST_MATH = YES;
				ONLY_ACTIVE_ARCH = YES;
				SDKROOT = iphoneos;
				SWIFT_ACTIVE_COMPILATION_CONDITIONS = DEBUG;
				SWIFT_OPTIMIZATION_LEVEL = "-Onone";
			};
			name = Debug;
		};
		1487CD0E26EDC14500E0C506 /* Release */ = {
			isa = XCBuildConfiguration;
			buildSettings = {
				ALWAYS_SEARCH_USER_PATHS = NO;
				CLANG_ANALYZER_NONNULL = YES;
				CLANG_ANALYZER_NUMBER_OBJECT_CONVERSION = YES_AGGRESSIVE;
				CLANG_CXX_LANGUAGE_STANDARD = "gnu++14";
				CLANG_CXX_LIBRARY = "libc++";
				CLANG_ENABLE_MODULES = YES;
				CLANG_ENABLE_OBJC_ARC = YES;
				CLANG_ENABLE_OBJC_WEAK = YES;
				CLANG_WARN_BLOCK_CAPTURE_AUTORELEASING = YES;
				CLANG_WARN_BOOL_CONVERSION = YES;
				CLANG_WARN_COMMA = YES;
				CLANG_WARN_CONSTANT_CONVERSION = YES;
				CLANG_WARN_DEPRECATED_OBJC_IMPLEMENTATIONS = YES;
				CLANG_WARN_DIRECT_OBJC_ISA_USAGE = YES_ERROR;
				CLANG_WARN_DOCUMENTATION_COMMENTS = YES;
				CLANG_WARN_EMPTY_BODY = YES;
				CLANG_WARN_ENUM_CONVERSION = YES;
				CLANG_WARN_INFINITE_RECURSION = YES;
				CLANG_WARN_INT_CONVERSION = YES;
				CLANG_WARN_NON_LITERAL_NULL_CONVERSION = YES;
				CLANG_WARN_OBJC_IMPLICIT_RETAIN_SELF = YES;
				CLANG_WARN_OBJC_LITERAL_CONVERSION = YES;
				CLANG_WARN_OBJC_ROOT_CLASS = YES_ERROR;
				CLANG_WARN_QUOTED_INCLUDE_IN_FRAMEWORK_HEADER = YES;
				CLANG_WARN_RANGE_LOOP_ANALYSIS = YES;
				CLANG_WARN_STRICT_PROTOTYPES = YES;
				CLANG_WARN_SUSPICIOUS_MOVE = YES;
				CLANG_WARN_UNGUARDED_AVAILABILITY = YES_AGGRESSIVE;
				CLANG_WARN_UNREACHABLE_CODE = YES;
				CLANG_WARN__DUPLICATE_METHOD_MATCH = YES;
				COPY_PHASE_STRIP = NO;
				DEBUG_INFORMATION_FORMAT = "dwarf-with-dsym";
				ENABLE_NS_ASSERTIONS = NO;
				ENABLE_STRICT_OBJC_MSGSEND = YES;
				GCC_C_LANGUAGE_STANDARD = gnu11;
				GCC_NO_COMMON_BLOCKS = YES;
				GCC_WARN_64_TO_32_BIT_CONVERSION = YES;
				GCC_WARN_ABOUT_RETURN_TYPE = YES_ERROR;
				GCC_WARN_UNDECLARED_SELECTOR = YES;
				GCC_WARN_UNINITIALIZED_AUTOS = YES_AGGRESSIVE;
				GCC_WARN_UNUSED_FUNCTION = YES;
				GCC_WARN_UNUSED_VARIABLE = YES;
				IPHONEOS_DEPLOYMENT_TARGET = 14.5;
				MTL_ENABLE_DEBUG_INFO = NO;
				MTL_FAST_MATH = YES;
				SDKROOT = iphoneos;
				SWIFT_COMPILATION_MODE = wholemodule;
				SWIFT_OPTIMIZATION_LEVEL = "-O";
				VALIDATE_PRODUCT = YES;
			};
			name = Release;
		};
		1487CD1026EDC14500E0C506 /* Debug */ = {
			isa = XCBuildConfiguration;
			buildSettings = {
				ASSETCATALOG_COMPILER_APPICON_NAME = AppIcon;
				ASSETCATALOG_COMPILER_GLOBAL_ACCENT_COLOR_NAME = AccentColor;
				CODE_SIGN_STYLE = Automatic;
				DEVELOPMENT_ASSET_PATHS = "\"Albertos/Preview Content\"";
				ENABLE_PREVIEWS = YES;
				INFOPLIST_FILE = Albertos/Info.plist;
				IPHONEOS_DEPLOYMENT_TARGET = 14.0;
				LD_RUNPATH_SEARCH_PATHS = (
					"$(inherited)",
					"@executable_path/Frameworks",
				);
				PRODUCT_BUNDLE_IDENTIFIER = com.dengli.Albertos;
				PRODUCT_NAME = "$(TARGET_NAME)";
				SWIFT_VERSION = 5.0;
				TARGETED_DEVICE_FAMILY = "1,2";
			};
			name = Debug;
		};
		1487CD1126EDC14500E0C506 /* Release */ = {
			isa = XCBuildConfiguration;
			buildSettings = {
				ASSETCATALOG_COMPILER_APPICON_NAME = AppIcon;
				ASSETCATALOG_COMPILER_GLOBAL_ACCENT_COLOR_NAME = AccentColor;
				CODE_SIGN_STYLE = Automatic;
				DEVELOPMENT_ASSET_PATHS = "\"Albertos/Preview Content\"";
				ENABLE_PREVIEWS = YES;
				INFOPLIST_FILE = Albertos/Info.plist;
				IPHONEOS_DEPLOYMENT_TARGET = 14.0;
				LD_RUNPATH_SEARCH_PATHS = (
					"$(inherited)",
					"@executable_path/Frameworks",
				);
				PRODUCT_BUNDLE_IDENTIFIER = com.dengli.Albertos;
				PRODUCT_NAME = "$(TARGET_NAME)";
				SWIFT_VERSION = 5.0;
				TARGETED_DEVICE_FAMILY = "1,2";
			};
			name = Release;
		};
		1487CD1326EDC14500E0C506 /* Debug */ = {
			isa = XCBuildConfiguration;
			buildSettings = {
				ALWAYS_EMBED_SWIFT_STANDARD_LIBRARIES = YES;
				BUNDLE_LOADER = "$(TEST_HOST)";
				CLANG_ENABLE_MODULES = YES;
				CODE_SIGN_STYLE = Automatic;
				INFOPLIST_FILE = AlbertosTests/Info.plist;
				IPHONEOS_DEPLOYMENT_TARGET = 14.0;
				LD_RUNPATH_SEARCH_PATHS = (
					"$(inherited)",
					"@executable_path/Frameworks",
					"@loader_path/Frameworks",
				);
				PRODUCT_BUNDLE_IDENTIFIER = com.dengli.AlbertosTests;
				PRODUCT_NAME = "$(TARGET_NAME)";
				SWIFT_OPTIMIZATION_LEVEL = "-Onone";
				SWIFT_VERSION = 5.0;
				TARGETED_DEVICE_FAMILY = "1,2";
				TEST_HOST = "$(BUILT_PRODUCTS_DIR)/Albertos.app/Albertos";
			};
			name = Debug;
		};
		1487CD1426EDC14500E0C506 /* Release */ = {
			isa = XCBuildConfiguration;
			buildSettings = {
				ALWAYS_EMBED_SWIFT_STANDARD_LIBRARIES = YES;
				BUNDLE_LOADER = "$(TEST_HOST)";
				CLANG_ENABLE_MODULES = YES;
				CODE_SIGN_STYLE = Automatic;
				INFOPLIST_FILE = AlbertosTests/Info.plist;
				IPHONEOS_DEPLOYMENT_TARGET = 14.0;
				LD_RUNPATH_SEARCH_PATHS = (
					"$(inherited)",
					"@executable_path/Frameworks",
					"@loader_path/Frameworks",
				);
				PRODUCT_BUNDLE_IDENTIFIER = com.dengli.AlbertosTests;
				PRODUCT_NAME = "$(TARGET_NAME)";
				SWIFT_VERSION = 5.0;
				TARGETED_DEVICE_FAMILY = "1,2";
				TEST_HOST = "$(BUILT_PRODUCTS_DIR)/Albertos.app/Albertos";
			};
			name = Release;
		};
/* End XCBuildConfiguration section */

/* Begin XCConfigurationList section */
		1487CCE526EDC14300E0C506 /* Build configuration list for PBXProject "Albertos" */ = {
			isa = XCConfigurationList;
			buildConfigurations = (
				1487CD0D26EDC14500E0C506 /* Debug */,
				1487CD0E26EDC14500E0C506 /* Release */,
			);
			defaultConfigurationIsVisible = 0;
			defaultConfigurationName = Release;
		};
		1487CD0F26EDC14500E0C506 /* Build configuration list for PBXNativeTarget "Albertos" */ = {
			isa = XCConfigurationList;
			buildConfigurations = (
				1487CD1026EDC14500E0C506 /* Debug */,
				1487CD1126EDC14500E0C506 /* Release */,
			);
			defaultConfigurationIsVisible = 0;
			defaultConfigurationName = Release;
		};
		1487CD1226EDC14500E0C506 /* Build configuration list for PBXNativeTarget "AlbertosTests" */ = {
			isa = XCConfigurationList;
			buildConfigurations = (
				1487CD1326EDC14500E0C506 /* Debug */,
				1487CD1426EDC14500E0C506 /* Release */,
			);
			defaultConfigurationIsVisible = 0;
			defaultConfigurationName = Release;
		};
/* End XCConfigurationList section */
	};
	rootObject = 1487CCE226EDC14300E0C506 /* Project object */;
}
